
Microsoft Visual Studio Solution File, Format Version 12.00
# Visual Studio 15
VisualStudioVersion = 15.0.28307.329
MinimumVisualStudioVersion = 10.0.40219.1
Project("{FAE04EC0-301F-11D3-BF4B-00C04F79EFBC}") = "KGySoft.CoreLibraries", "KGySoft.CoreLibraries\KGySoft.CoreLibraries.csproj", "{D14B4B4A-86C4-45AD-B6F8-86CD878199E0}"
	ProjectSection(ProjectDependencies) = postProject
		{F65A3200-1FA1-4D64-AB51-A103C4B9F6A8} = {F65A3200-1FA1-4D64-AB51-A103C4B9F6A8}
	EndProjectSection
EndProject
Project("{FAE04EC0-301F-11D3-BF4B-00C04F79EFBC}") = "__RecompILer", "__RecompILer\__RecompILer.csproj", "{F65A3200-1FA1-4D64-AB51-A103C4B9F6A8}"
EndProject
Project("{FAE04EC0-301F-11D3-BF4B-00C04F79EFBC}") = "KGySoft.CoreLibraries.UnitTest", "KGySoft.CoreLibraries.UnitTest\KGySoft.CoreLibraries.UnitTest.csproj", "{BD6FC438-5B79-4DA3-856B-62D72EB3F7F2}"
EndProject
Project("{FAE04EC0-301F-11D3-BF4B-00C04F79EFBC}") = "KGySoft.CoreLibraries.PerformanceTest", "KGySoft.CoreLibraries.PerformanceTest\KGySoft.CoreLibraries.PerformanceTest.csproj", "{251013CB-3F89-4B85-9311-4584773C394C}"
EndProject
Global
	GlobalSection(SolutionConfigurationPlatforms) = preSolution
		Debug_NET35|Any CPU = Debug_NET35|Any CPU
		Debug_NET40|Any CPU = Debug_NET40|Any CPU
		Debug_NET45|Any CPU = Debug_NET45|Any CPU
		Release_NET35|Any CPU = Release_NET35|Any CPU
		Release_NET40|Any CPU = Release_NET40|Any CPU
		Release_NET45|Any CPU = Release_NET45|Any CPU
	EndGlobalSection
	GlobalSection(ProjectConfigurationPlatforms) = postSolution
		{D14B4B4A-86C4-45AD-B6F8-86CD878199E0}.Debug_NET35|Any CPU.ActiveCfg = Debug_NET35|Any CPU
		{D14B4B4A-86C4-45AD-B6F8-86CD878199E0}.Debug_NET35|Any CPU.Build.0 = Debug_NET35|Any CPU
		{D14B4B4A-86C4-45AD-B6F8-86CD878199E0}.Debug_NET40|Any CPU.ActiveCfg = Debug_NET40|Any CPU
		{D14B4B4A-86C4-45AD-B6F8-86CD878199E0}.Debug_NET40|Any CPU.Build.0 = Debug_NET40|Any CPU
		{D14B4B4A-86C4-45AD-B6F8-86CD878199E0}.Debug_NET45|Any CPU.ActiveCfg = Debug_NET45|Any CPU
		{D14B4B4A-86C4-45AD-B6F8-86CD878199E0}.Debug_NET45|Any CPU.Build.0 = Debug_NET45|Any CPU
		{D14B4B4A-86C4-45AD-B6F8-86CD878199E0}.Release_NET35|Any CPU.ActiveCfg = Release_NET35|Any CPU
		{D14B4B4A-86C4-45AD-B6F8-86CD878199E0}.Release_NET35|Any CPU.Build.0 = Release_NET35|Any CPU
		{D14B4B4A-86C4-45AD-B6F8-86CD878199E0}.Release_NET40|Any CPU.ActiveCfg = Release_NET40|Any CPU
		{D14B4B4A-86C4-45AD-B6F8-86CD878199E0}.Release_NET40|Any CPU.Build.0 = Release_NET40|Any CPU
		{D14B4B4A-86C4-45AD-B6F8-86CD878199E0}.Release_NET45|Any CPU.ActiveCfg = Release_NET45|Any CPU
		{D14B4B4A-86C4-45AD-B6F8-86CD878199E0}.Release_NET45|Any CPU.Build.0 = Release_NET45|Any CPU
		{F65A3200-1FA1-4D64-AB51-A103C4B9F6A8}.Debug_NET35|Any CPU.ActiveCfg = Debug_NET35|Any CPU
		{F65A3200-1FA1-4D64-AB51-A103C4B9F6A8}.Debug_NET40|Any CPU.ActiveCfg = Debug_NET40|Any CPU
		{F65A3200-1FA1-4D64-AB51-A103C4B9F6A8}.Debug_NET45|Any CPU.ActiveCfg = Debug_NET45|Any CPU
		{F65A3200-1FA1-4D64-AB51-A103C4B9F6A8}.Release_NET35|Any CPU.ActiveCfg = Release_NET35|Any CPU
		{F65A3200-1FA1-4D64-AB51-A103C4B9F6A8}.Release_NET35|Any CPU.Build.0 = Release_NET35|Any CPU
		{F65A3200-1FA1-4D64-AB51-A103C4B9F6A8}.Release_NET40|Any CPU.ActiveCfg = Release_NET40|Any CPU
		{F65A3200-1FA1-4D64-AB51-A103C4B9F6A8}.Release_NET40|Any CPU.Build.0 = Release_NET40|Any CPU
		{F65A3200-1FA1-4D64-AB51-A103C4B9F6A8}.Release_NET45|Any CPU.ActiveCfg = Release_NET45|Any CPU
		{F65A3200-1FA1-4D64-AB51-A103C4B9F6A8}.Release_NET45|Any CPU.Build.0 = Release_NET45|Any CPU
		{BD6FC438-5B79-4DA3-856B-62D72EB3F7F2}.Debug_NET35|Any CPU.ActiveCfg = Debug_NET35|Any CPU
		{BD6FC438-5B79-4DA3-856B-62D72EB3F7F2}.Debug_NET35|Any CPU.Build.0 = Debug_NET35|Any CPU
		{BD6FC438-5B79-4DA3-856B-62D72EB3F7F2}.Debug_NET40|Any CPU.ActiveCfg = Debug_NET40|Any CPU
		{BD6FC438-5B79-4DA3-856B-62D72EB3F7F2}.Debug_NET40|Any CPU.Build.0 = Debug_NET40|Any CPU
		{BD6FC438-5B79-4DA3-856B-62D72EB3F7F2}.Debug_NET45|Any CPU.ActiveCfg = Debug_NET45|Any CPU
		{BD6FC438-5B79-4DA3-856B-62D72EB3F7F2}.Debug_NET45|Any CPU.Build.0 = Debug_NET45|Any CPU
		{BD6FC438-5B79-4DA3-856B-62D72EB3F7F2}.Release_NET35|Any CPU.ActiveCfg = Release_NET35|Any CPU
		{BD6FC438-5B79-4DA3-856B-62D72EB3F7F2}.Release_NET35|Any CPU.Build.0 = Release_NET35|Any CPU
		{BD6FC438-5B79-4DA3-856B-62D72EB3F7F2}.Release_NET40|Any CPU.ActiveCfg = Release_NET40|Any CPU
		{BD6FC438-5B79-4DA3-856B-62D72EB3F7F2}.Release_NET40|Any CPU.Build.0 = Release_NET40|Any CPU
		{BD6FC438-5B79-4DA3-856B-62D72EB3F7F2}.Release_NET45|Any CPU.ActiveCfg = Release_NET45|Any CPU
		{BD6FC438-5B79-4DA3-856B-62D72EB3F7F2}.Release_NET45|Any CPU.Build.0 = Release_NET45|Any CPU
		{251013CB-3F89-4B85-9311-4584773C394C}.Debug_NET35|Any CPU.ActiveCfg = Debug_NET35|Any CPU
		{251013CB-3F89-4B85-9311-4584773C394C}.Debug_NET35|Any CPU.Build.0 = Debug_NET35|Any CPU
		{251013CB-3F89-4B85-9311-4584773C394C}.Debug_NET40|Any CPU.ActiveCfg = Debug_NET40|Any CPU
		{251013CB-3F89-4B85-9311-4584773C394C}.Debug_NET40|Any CPU.Build.0 = Debug_NET40|Any CPU
		{251013CB-3F89-4B85-9311-4584773C394C}.Debug_NET45|Any CPU.ActiveCfg = Debug_NET45|Any CPU
		{251013CB-3F89-4B85-9311-4584773C394C}.Debug_NET45|Any CPU.Build.0 = Debug_NET45|Any CPU
		{251013CB-3F89-4B85-9311-4584773C394C}.Release_NET35|Any CPU.ActiveCfg = Release_NET35|Any CPU
		{251013CB-3F89-4B85-9311-4584773C394C}.Release_NET35|Any CPU.Build.0 = Release_NET35|Any CPU
		{251013CB-3F89-4B85-9311-4584773C394C}.Release_NET40|Any CPU.ActiveCfg = Release_NET40|Any CPU
		{251013CB-3F89-4B85-9311-4584773C394C}.Release_NET40|Any CPU.Build.0 = Release_NET40|Any CPU
		{251013CB-3F89-4B85-9311-4584773C394C}.Release_NET45|Any CPU.ActiveCfg = Release_NET45|Any CPU
		{251013CB-3F89-4B85-9311-4584773C394C}.Release_NET45|Any CPU.Build.0 = Release_NET45|Any CPU
	EndGlobalSection
	GlobalSection(SolutionProperties) = preSolution
		HideSolutionNode = FALSE
	EndGlobalSection
	GlobalSection(ExtensibilityGlobals) = postSolution
		SolutionGuid = {493F678E-EB5F-4712-BC80-2660EC72DDE8}
	EndGlobalSection
EndGlobal
