
Microsoft Visual Studio Solution File, Format Version 12.00
# Visual Studio Version 17
VisualStudioVersion = 17.12.35707.178
MinimumVisualStudioVersion = 10.0.40219.1
Project("{7CF6DF6D-3B04-46F8-A40B-537D21BCA0B4}") = "KGySoft.CoreLibraries.Help", "KGySoft.CoreLibraries\KGySoft.CoreLibraries.Help.shfbproj", "{9B26BEE6-42CC-47CB-BADE-59987AF213B8}"
EndProject
Global
	GlobalSection(SolutionConfigurationPlatforms) = preSolution
		Debug|Any CPU = Debug|Any CPU
		Release|Any CPU = Release|Any CPU
	EndGlobalSection
	GlobalSection(ProjectConfigurationPlatforms) = postSolution
		{9B26BEE6-42CC-47CB-BADE-59987AF213B8}.Debug|Any CPU.ActiveCfg = Debug|Any CPU
		{9B26BEE6-42CC-47CB-BADE-59987AF213B8}.Debug|Any CPU.Build.0 = Debug|Any CPU
		{9B26BEE6-42CC-47CB-BADE-59987AF213B8}.Release|Any CPU.ActiveCfg = Release|Any CPU
		{9B26BEE6-42CC-47CB-BADE-59987AF213B8}.Release|Any CPU.Build.0 = Release|Any CPU
	EndGlobalSection
	GlobalSection(SolutionProperties) = preSolution
		HideSolutionNode = FALSE
	EndGlobalSection
EndGlobal
